// !$*UTF8*$!
{
	archiveVersion = 1;
	classes = {
	};
	objectVersion = 46;
	objects = {

/* Begin PBXBuildFile section */
		0B241FC71AEC6B830012DBA3 /* AppDelegate.swift in Sources */ = {isa = PBXBuildFile; fileRef = 0B241FC61AEC6B830012DBA3 /* AppDelegate.swift */; };
		0B241FC91AEC6B830012DBA3 /* ViewController.swift in Sources */ = {isa = PBXBuildFile; fileRef = 0B241FC81AEC6B830012DBA3 /* ViewController.swift */; };
		0B241FCC1AEC6B840012DBA3 /* Main.storyboard in Resources */ = {isa = PBXBuildFile; fileRef = 0B241FCA1AEC6B840012DBA3 /* Main.storyboard */; };
		0B241FCE1AEC6B840012DBA3 /* Images.xcassets in Resources */ = {isa = PBXBuildFile; fileRef = 0B241FCD1AEC6B840012DBA3 /* Images.xcassets */; };
		0B241FD11AEC6B840012DBA3 /* LaunchScreen.xib in Resources */ = {isa = PBXBuildFile; fileRef = 0B241FCF1AEC6B840012DBA3 /* LaunchScreen.xib */; };
		0B241FDD1AEC6B840012DBA3 /* Calculator1Tests.swift in Sources */ = {isa = PBXBuildFile; fileRef = 0B241FDC1AEC6B840012DBA3 /* Calculator1Tests.swift */; };
/* End PBXBuildFile section */

/* Begin PBXContainerItemProxy section */
		0B241FD71AEC6B840012DBA3 /* PBXContainerItemProxy */ = {
			isa = PBXContainerItemProxy;
			containerPortal = 0B241FB91AEC6B830012DBA3 /* Project object */;
			proxyType = 1;
			remoteGlobalIDString = 0B241FC01AEC6B830012DBA3;
			remoteInfo = Calculator1;
		};
/* End PBXContainerItemProxy section */

/* Begin PBXFileReference section */
		0B241FC11AEC6B830012DBA3 /* Calculator1.app */ = {isa = PBXFileReference; explicitFileType = wrapper.application; includeInIndex = 0; path = Calculator1.app; sourceTree = BUILT_PRODUCTS_DIR; };
		0B241FC51AEC6B830012DBA3 /* Info.plist */ = {isa = PBXFileReference; lastKnownFileType = text.plist.xml; path = Info.plist; sourceTree = "<group>"; };
		0B241FC61AEC6B830012DBA3 /* AppDelegate.swift */ = {isa = PBXFileReference; lastKnownFileType = sourcecode.swift; path = AppDelegate.swift; sourceTree = "<group>"; };
		0B241FC81AEC6B830012DBA3 /* ViewController.swift */ = {isa = PBXFileReference; lastKnownFileType = sourcecode.swift; path = ViewController.swift; sourceTree = "<group>"; };
		0B241FCB1AEC6B840012DBA3 /* Base */ = {isa = PBXFileReference; lastKnownFileType = file.storyboard; name = Base; path = Base.lproj/Main.storyboard; sourceTree = "<group>"; };
		0B241FCD1AEC6B840012DBA3 /* Images.xcassets */ = {isa = PBXFileReference; lastKnownFileType = folder.assetcatalog; path = Images.xcassets; sourceTree = "<group>"; };
		0B241FD01AEC6B840012DBA3 /* Base */ = {isa = PBXFileReference; lastKnownFileType = file.xib; name = Base; path = Base.lproj/LaunchScreen.xib; sourceTree = "<group>"; };
		0B241FD61AEC6B840012DBA3 /* Calculator1Tests.xctest */ = {isa = PBXFileReference; explicitFileType = wrapper.cfbundle; includeInIndex = 0; path = Calculator1Tests.xctest; sourceTree = BUILT_PRODUCTS_DIR; };
		0B241FDB1AEC6B840012DBA3 /* Info.plist */ = {isa = PBXFileReference; lastKnownFileType = text.plist.xml; path = Info.plist; sourceTree = "<group>"; };
		0B241FDC1AEC6B840012DBA3 /* Calculator1Tests.swift */ = {isa = PBXFileReference; lastKnownFileType = sourcecode.swift; path = Calculator1Tests.swift; sourceTree = "<group>"; };
/* End PBXFileReference section */

/* Begin PBXFrameworksBuildPhase section */
		0B241FBE1AEC6B830012DBA3 /* Frameworks */ = {
			isa = PBXFrameworksBuildPhase;
			buildActionMask = 2147483647;
			files = (
			);
			runOnlyForDeploymentPostprocessing = 0;
		};
		0B241FD31AEC6B840012DBA3 /* Frameworks */ = {
			isa = PBXFrameworksBuildPhase;
			buildActionMask = 2147483647;
			files = (
			);
			runOnlyForDeploymentPostprocessing = 0;
		};
/* End PBXFrameworksBuildPhase section */

/* Begin PBXGroup section */
		0B241FB81AEC6B830012DBA3 = {
			isa = PBXGroup;
			children = (
				0B241FC31AEC6B830012DBA3 /* Calculator1 */,
				0B241FD91AEC6B840012DBA3 /* Calculator1Tests */,
				0B241FC21AEC6B830012DBA3 /* Products */,
			);
			sourceTree = "<group>";
		};
		0B241FC21AEC6B830012DBA3 /* Products */ = {
			isa = PBXGroup;
			children = (
				0B241FC11AEC6B830012DBA3 /* Calculator1.app */,
				0B241FD61AEC6B840012DBA3 /* Calculator1Tests.xctest */,
			);
			name = Products;
			sourceTree = "<group>";
		};
		0B241FC31AEC6B830012DBA3 /* Calculator1 */ = {
			isa = PBXGroup;
			children = (
				0B241FC61AEC6B830012DBA3 /* AppDelegate.swift */,
				0B241FC81AEC6B830012DBA3 /* ViewController.swift */,
				0B241FCA1AEC6B840012DBA3 /* Main.storyboard */,
				0B241FCD1AEC6B840012DBA3 /* Images.xcassets */,
				0B241FCF1AEC6B840012DBA3 /* LaunchScreen.xib */,
				0B241FC41AEC6B830012DBA3 /* Supporting Files */,
			);
			path = Calculator1;
			sourceTree = "<group>";
		};
		0B241FC41AEC6B830012DBA3 /* Supporting Files */ = {
			isa = PBXGroup;
			children = (
				0B241FC51AEC6B830012DBA3 /* Info.plist */,
			);
			name = "Supporting Files";
			sourceTree = "<group>";
		};
		0B241FD91AEC6B840012DBA3 /* Calculator1Tests */ = {
			isa = PBXGroup;
			children = (
				0B241FDC1AEC6B840012DBA3 /* Calculator1Tests.swift */,
				0B241FDA1AEC6B840012DBA3 /* Supporting Files */,
			);
			path = Calculator1Tests;
			sourceTree = "<group>";
		};
		0B241FDA1AEC6B840012DBA3 /* Supporting Files */ = {
			isa = PBXGroup;
			children = (
				0B241FDB1AEC6B840012DBA3 /* Info.plist */,
			);
			name = "Supporting Files";
			sourceTree = "<group>";
		};
/* End PBXGroup section */

/* Begin PBXNativeTarget section */
		0B241FC01AEC6B830012DBA3 /* Calculator1 */ = {
			isa = PBXNativeTarget;
			buildConfigurationList = 0B241FE01AEC6B840012DBA3 /* Build configuration list for PBXNativeTarget "Calculator1" */;
			buildPhases = (
				0B241FBD1AEC6B830012DBA3 /* Sources */,
				0B241FBE1AEC6B830012DBA3 /* Frameworks */,
				0B241FBF1AEC6B830012DBA3 /* Resources */,
			);
			buildRules = (
			);
			dependencies = (
			);
			name = Calculator1;
			productName = Calculator1;
			productReference = 0B241FC11AEC6B830012DBA3 /* Calculator1.app */;
			productType = "com.apple.product-type.application";
		};
		0B241FD51AEC6B840012DBA3 /* Calculator1Tests */ = {
			isa = PBXNativeTarget;
			buildConfigurationList = 0B241FE31AEC6B840012DBA3 /* Build configuration list for PBXNativeTarget "Calculator1Tests" */;
			buildPhases = (
				0B241FD21AEC6B840012DBA3 /* Sources */,
				0B241FD31AEC6B840012DBA3 /* Frameworks */,
				0B241FD41AEC6B840012DBA3 /* Resources */,
			);
			buildRules = (
			);
			dependencies = (
				0B241FD81AEC6B840012DBA3 /* PBXTargetDependency */,
			);
			name = Calculator1Tests;
			productName = Calculator1Tests;
			productReference = 0B241FD61AEC6B840012DBA3 /* Calculator1Tests.xctest */;
			productType = "com.apple.product-type.bundle.unit-test";
		};
/* End PBXNativeTarget section */

/* Begin PBXProject section */
		0B241FB91AEC6B830012DBA3 /* Project object */ = {
			isa = PBXProject;
			attributes = {
				LastUpgradeCheck = 0620;
				ORGANIZATIONNAME = "DePaul University";
				TargetAttributes = {
					0B241FC01AEC6B830012DBA3 = {
						CreatedOnToolsVersion = 6.2;
						DevelopmentTeam = MQ79U7S5FQ;
					};
					0B241FD51AEC6B840012DBA3 = {
						CreatedOnToolsVersion = 6.2;
						TestTargetID = 0B241FC01AEC6B830012DBA3;
					};
				};
			};
			buildConfigurationList = 0B241FBC1AEC6B830012DBA3 /* Build configuration list for PBXProject "Calculator1" */;
			compatibilityVersion = "Xcode 3.2";
			developmentRegion = English;
			hasScannedForEncodings = 0;
			knownRegions = (
				en,
				Base,
			);
			mainGroup = 0B241FB81AEC6B830012DBA3;
			productRefGroup = 0B241FC21AEC6B830012DBA3 /* Products */;
			projectDirPath = "";
			projectRoot = "";
			targets = (
				0B241FC01AEC6B830012DBA3 /* Calculator1 */,
				0B241FD51AEC6B840012DBA3 /* Calculator1Tests */,
			);
		};
/* End PBXProject section */

/* Begin PBXResourcesBuildPhase section */
		0B241FBF1AEC6B830012DBA3 /* Resources */ = {
			isa = PBXResourcesBuildPhase;
			buildActionMask = 2147483647;
			files = (
				0B241FCC1AEC6B840012DBA3 /* Main.storyboard in Resources */,
				0B241FD11AEC6B840012DBA3 /* LaunchScreen.xib in Resources */,
				0B241FCE1AEC6B840012DBA3 /* Images.xcassets in Resources */,
			);
			runOnlyForDeploymentPostprocessing = 0;
		};
		0B241FD41AEC6B840012DBA3 /* Resources */ = {
			isa = PBXResourcesBuildPhase;
			buildActionMask = 2147483647;
			files = (
			);
			runOnlyForDeploymentPostprocessing = 0;
		};
/* End PBXResourcesBuildPhase section */

/* Begin PBXSourcesBuildPhase section */
		0B241FBD1AEC6B830012DBA3 /* Sources */ = {
			isa = PBXSourcesBuildPhase;
			buildActionMask = 2147483647;
			files = (
				0B241FC91AEC6B830012DBA3 /* ViewController.swift in Sources */,
				0B241FC71AEC6B830012DBA3 /* AppDelegate.swift in Sources */,
			);
			runOnlyForDeploymentPostprocessing = 0;
		};
		0B241FD21AEC6B840012DBA3 /* Sources */ = {
			isa = PBXSourcesBuildPhase;
			buildActionMask = 2147483647;
			files = (
				0B241FDD1AEC6B840012DBA3 /* Calculator1Tests.swift in Sources */,
			);
			runOnlyForDeploymentPostprocessing = 0;
		};
/* End PBXSourcesBuildPhase section */

/* Begin PBXTargetDependency section */
		0B241FD81AEC6B840012DBA3 /* PBXTargetDependency */ = {
			isa = PBXTargetDependency;
			target = 0B241FC01AEC6B830012DBA3 /* Calculator1 */;
			targetProxy = 0B241FD71AEC6B840012DBA3 /* PBXContainerItemProxy */;
		};
/* End PBXTargetDependency section */

/* Begin PBXVariantGroup section */
		0B241FCA1AEC6B840012DBA3 /* Main.storyboard */ = {
			isa = PBXVariantGroup;
			children = (
				0B241FCB1AEC6B840012DBA3 /* Base */,
			);
			name = Main.storyboard;
			sourceTree = "<group>";
		};
		0B241FCF1AEC6B840012DBA3 /* LaunchScreen.xib */ = {
			isa = PBXVariantGroup;
			children = (
				0B241FD01AEC6B840012DBA3 /* Base */,
			);
			name = LaunchScreen.xib;
			sourceTree = "<group>";
		};
/* End PBXVariantGroup section */

/* Begin XCBuildConfiguration section */
		0B241FDE1AEC6B840012DBA3 /* Debug */ = {
			isa = XCBuildConfiguration;
			buildSettings = {
				ALWAYS_SEARCH_USER_PATHS = NO;
				CLANG_CXX_LANGUAGE_STANDARD = "gnu++0x";
				CLANG_CXX_LIBRARY = "libc++";
				CLANG_ENABLE_MODULES = YES;
				CLANG_ENABLE_OBJC_ARC = YES;
				CLANG_WARN_BOOL_CONVERSION = YES;
				CLANG_WARN_CONSTANT_CONVERSION = YES;
				CLANG_WARN_DIRECT_OBJC_ISA_USAGE = YES_ERROR;
				CLANG_WARN_EMPTY_BODY = YES;
				CLANG_WARN_ENUM_CONVERSION = YES;
				CLANG_WARN_INT_CONVERSION = YES;
				CLANG_WARN_OBJC_ROOT_CLASS = YES_ERROR;
				CLANG_WARN_UNREACHABLE_CODE = YES;
				CLANG_WARN__DUPLICATE_METHOD_MATCH = YES;
				"CODE_SIGN_IDENTITY[sdk=iphoneos*]" = "iPhone Developer";
				COPY_PHASE_STRIP = NO;
				ENABLE_STRICT_OBJC_MSGSEND = YES;
				GCC_C_LANGUAGE_STANDARD = gnu99;
				GCC_DYNAMIC_NO_PIC = NO;
				GCC_OPTIMIZATION_LEVEL = 0;
				GCC_PREPROCESSOR_DEFINITIONS = (
					"DEBUG=1",
					"$(inherited)",
				);
				GCC_SYMBOLS_PRIVATE_EXTERN = NO;
				GCC_WARN_64_TO_32_BIT_CONVERSION = YES;
				GCC_WARN_ABOUT_RETURN_TYPE = YES_ERROR;
				GCC_WARN_UNDECLARED_SELECTOR = YES;
				GCC_WARN_UNINITIALIZED_AUTOS = YES_AGGRESSIVE;
				GCC_WARN_UNUSED_FUNCTION = YES;
				GCC_WARN_UNUSED_VARIABLE = YES;
				IPHONEOS_DEPLOYMENT_TARGET = 8.2;
				MTL_ENABLE_DEBUG_INFO = YES;
				ONLY_ACTIVE_ARCH = YES;
				SDKROOT = iphoneos;
				SWIFT_OPTIMIZATION_LEVEL = "-Onone";
				TARGETED_DEVICE_FAMILY = "1,2";
			};
			name = Debug;
		};
		0B241FDF1AEC6B840012DBA3 /* Release */ = {
			isa = XCBuildConfiguration;
			buildSettings = {
				ALWAYS_SEARCH_USER_PATHS = NO;
				CLANG_CXX_LANGUAGE_STANDARD = "gnu++0x";
				CLANG_CXX_LIBRARY = "libc++";
				CLANG_ENABLE_MODULES = YES;
				CLANG_ENABLE_OBJC_ARC = YES;
				CLANG_WARN_BOOL_CONVERSION = YES;
				CLANG_WARN_CONSTANT_CONVERSION = YES;
				CLANG_WARN_DIRECT_OBJC_ISA_USAGE = YES_ERROR;
				CLANG_WARN_EMPTY_BODY = YES;
				CLANG_WARN_ENUM_CONVERSION = YES;
				CLANG_WARN_INT_CONVERSION = YES;
				CLANG_WARN_OBJC_ROOT_CLASS = YES_ERROR;
				CLANG_WARN_UNREACHABLE_CODE = YES;
				CLANG_WARN__DUPLICATE_METHOD_MATCH = YES;
				"CODE_SIGN_IDENTITY[sdk=iphoneos*]" = "iPhone Developer";
				COPY_PHASE_STRIP = NO;
				ENABLE_NS_ASSERTIONS = NO;
				ENABLE_STRICT_OBJC_MSGSEND = YES;
				GCC_C_LANGUAGE_STANDARD = gnu99;
				GCC_WARN_64_TO_32_BIT_CONVERSION = YES;
				GCC_WARN_ABOUT_RETURN_TYPE = YES_ERROR;
				GCC_WARN_UNDECLARED_SELECTOR = YES;
				GCC_WARN_UNINITIALIZED_AUTOS = YES_AGGRESSIVE;
				GCC_WARN_UNUSED_FUNCTION = YES;
				GCC_WARN_UNUSED_VARIABLE = YES;
				IPHONEOS_DEPLOYMENT_TARGET = 8.2;
				MTL_ENABLE_DEBUG_INFO = NO;
				SDKROOT = iphoneos;
				TARGETED_DEVICE_FAMILY = "1,2";
				VALIDATE_PRODUCT = YES;
			};
			name = Release;
		};
		0B241FE11AEC6B840012DBA3 /* Debug */ = {
			isa = XCBuildConfiguration;
			buildSettings = {
				ASSETCATALOG_COMPILER_APPICON_NAME = AppIcon;
				CODE_SIGN_IDENTITY = "iPhone Developer";
				INFOPLIST_FILE = Calculator1/Info.plist;
				IPHONEOS_DEPLOYMENT_TARGET = 8.2;
				LD_RUNPATH_SEARCH_PATHS = "$(inherited) @executable_path/Frameworks";
				PRODUCT_NAME = "$(TARGET_NAME)";
			};
			name = Debug;
		};
		0B241FE21AEC6B840012DBA3 /* Release */ = {
			isa = XCBuildConfiguration;
			buildSettings = {
				ASSETCATALOG_COMPILER_APPICON_NAME = AppIcon;
				CODE_SIGN_IDENTITY = "iPhone Developer";
				INFOPLIST_FILE = Calculator1/Info.plist;
				IPHONEOS_DEPLOYMENT_TARGET = 8.2;
				LD_RUNPATH_SEARCH_PATHS = "$(inherited) @executable_path/Frameworks";
				PRODUCT_NAME = "$(TARGET_NAME)";
			};
			name = Release;
		};
		0B241FE41AEC6B840012DBA3 /* Debug */ = {
			isa = XCBuildConfiguration;
			buildSettings = {
				BUNDLE_LOADER = "$(TEST_HOST)";
				FRAMEWORK_SEARCH_PATHS = (
					"$(SDKROOT)/Developer/Library/Frameworks",
					"$(inherited)",
				);
				GCC_PREPROCESSOR_DEFINITIONS = (
					"DEBUG=1",
					"$(inherited)",
				);
				INFOPLIST_FILE = Calculator1Tests/Info.plist;
				LD_RUNPATH_SEARCH_PATHS = "$(inherited) @executable_path/Frameworks @loader_path/Frameworks";
				PRODUCT_NAME = "$(TARGET_NAME)";
				TEST_HOST = "$(BUILT_PRODUCTS_DIR)/Calculator1.app/Calculator1";
			};
			name = Debug;
		};
		0B241FE51AEC6B840012DBA3 /* Release */ = {
			isa = XCBuildConfiguration;
			buildSettings = {
				BUNDLE_LOADER = "$(TEST_HOST)";
				FRAMEWORK_SEARCH_PATHS = (
					"$(SDKROOT)/Developer/Library/Frameworks",
					"$(inherited)",
				);
				INFOPLIST_FILE = Calculator1Tests/Info.plist;
				LD_RUNPATH_SEARCH_PATHS = "$(inherited) @executable_path/Frameworks @loader_path/Frameworks";
				PRODUCT_NAME = "$(TARGET_NAME)";
				TEST_HOST = "$(BUILT_PRODUCTS_DIR)/Calculator1.app/Calculator1";
			};
			name = Release;
		};
/* End XCBuildConfiguration section */

/* Begin XCConfigurationList section */
		0B241FBC1AEC6B830012DBA3 /* Build configuration list for PBXProject "Calculator1" */ = {
			isa = XCConfigurationList;
			buildConfigurations = (
				0B241FDE1AEC6B840012DBA3 /* Debug */,
				0B241FDF1AEC6B840012DBA3 /* Release */,
			);
			defaultConfigurationIsVisible = 0;
			defaultConfigurationName = Release;
		};
		0B241FE01AEC6B840012DBA3 /* Build configuration list for PBXNativeTarget "Calculator1" */ = {
			isa = XCConfigurationList;
			buildConfigurations = (
				0B241FE11AEC6B840012DBA3 /* Debug */,
				0B241FE21AEC6B840012DBA3 /* Release */,
			);
			defaultConfigurationIsVisible = 0;
		};
		0B241FE31AEC6B840012DBA3 /* Build configuration list for PBXNativeTarget "Calculator1Tests" */ = {
			isa = XCConfigurationList;
			buildConfigurations = (
				0B241FE41AEC6B840012DBA3 /* Debug */,
				0B241FE51AEC6B840012DBA3 /* Release */,
			);
			defaultConfigurationIsVisible = 0;
		};
/* End XCConfigurationList section */
	};
	rootObject = 0B241FB91AEC6B830012DBA3 /* Project object */;
}
